{
  "requires": true,
  "lockfileVersion": 1,
  "dependencies": {
    "@babel/runtime": {
      "version": "7.8.3",
      "resolved": "https://registry.npmjs.org/@babel/runtime/-/runtime-7.8.3.tgz",
      "integrity": "sha512-fVHx1rzEmwB130VTkLnxR+HmxcTjGzH12LYQcFFoBwakMd3aOMD4OsRN7tGG/UOYE2ektgFrS8uACAoRk1CY0w==",
      "requires": {
        "regenerator-runtime": "^0.13.2"
      }
    },
    "@videojs/http-streaming": {
      "version": "1.10.6",
      "resolved": "https://registry.npmjs.org/@videojs/http-streaming/-/http-streaming-1.10.6.tgz",
      "integrity": "sha512-uPBuunHnxWeFRYxRX0j6h1IIWv3+QKvSkZGmW9TvqxWBqeNGSrQymR6tm1nVjQ2HhMVxVphQTUhUTTPDVWqmQg==",
      "requires": {
        "aes-decrypter": "3.0.0",
        "global": "^4.3.0",
        "m3u8-parser": "4.4.0",
        "mpd-parser": "0.8.1",
        "mux.js": "5.2.1",
        "url-toolkit": "^2.1.3",
        "video.js": "^6.8.0 || ^7.0.0"
      }
    },
    "aes-decrypter": {
      "version": "3.0.0",
      "resolved": "https://registry.npmjs.org/aes-decrypter/-/aes-decrypter-3.0.0.tgz",
      "integrity": "sha1-eEihwUW5/b9Xrj4rWxvHzwZEqPs=",
      "requires": {
        "commander": "^2.9.0",
        "global": "^4.3.2",
        "pkcs7": "^1.0.2"
      }
    },
    "babel-runtime": {
      "version": "6.26.0",
      "resolved": "https://registry.npmjs.org/babel-runtime/-/babel-runtime-6.26.0.tgz",
      "integrity": "sha1-llxwWGaOgrVde/4E/yM3vItWR/4=",
      "requires": {
        "core-js": "^2.4.0",
        "regenerator-runtime": "^0.11.0"
      },
      "dependencies": {
        "regenerator-runtime": {
          "version": "0.11.1",
          "resolved": "https://registry.npmjs.org/regenerator-runtime/-/regenerator-runtime-0.11.1.tgz",
          "integrity": "sha512-MguG95oij0fC3QV3URf4V2SDYGJhJnJGqvIIgdECeODCT98wSWDAJ94SSuVpYQUoTcGUIL6L4yNB7j1DFFHSBg=="
        }
      }
    },
    "boom": {
      "version": "7.3.0",
      "resolved": "https://registry.npmjs.org/boom/-/boom-7.3.0.tgz",
      "integrity": "sha512-Swpoyi2t5+GhOEGw8rEsKvTxFLIDiiKoUc2gsoV6Lyr43LHBIzch3k2MvYUs8RTROrIkVJ3Al0TkaOGjnb+B6A==",
      "requires": {
        "hoek": "6.x.x"
      }
    },
    "can-autoplay": {
      "version": "3.0.0",
      "resolved": "https://registry.npmjs.org/can-autoplay/-/can-autoplay-3.0.0.tgz",
      "integrity": "sha512-qQXGGYPWgF8nPjEt305o3TJ/BkN15l6/wG+VU4N93YYXD3OtYkBBx+l5un7ihIk2UU1OLytAVJjW7ZR39j/CAQ=="
    },
    "cloudinary-core": {
      "version": "2.8.0",
      "resolved": "https://registry.npmjs.org/cloudinary-core/-/cloudinary-core-2.8.0.tgz",
      "integrity": "sha512-hCtLAkRmZsQcr+HejdFgsFU0WxTu216/NMtgLwQ5RqNeReagxZfcCr5h9GBod+QHevg7MUyy6zU5BXw40Aei3A=="
    },
    "cloudinary-video-player": {
      "version": "1.3.3",
      "resolved": "https://registry.npmjs.org/cloudinary-video-player/-/cloudinary-video-player-1.3.3.tgz",
      "integrity": "sha512-v8waoI6EpeH6jP2KOohhGGkd3Soh94Dh1UJmNl2a5OJKvezcbQevM/kr3n5CZ1QbwRTev0oewxSRxSOaOEwVrg==",
      "requires": {
        "expose-loader": "^0.7.5",
        "fetch-ponyfill": "^4.0.0",
        "get-size": "^2.0.2",
        "promise-polyfill": "^6.0.2",
        "video.js": "^7.6.5",
        "videojs-contextmenu": "^1.2.2",
        "videojs-contrib-ads": "^6.6.1",
        "videojs-ima": "^1.5.1",
        "videojs-per-source-behaviors": "^2.1.0",
        "webfontloader": "^1.6.28",
        "wolfy87-eventemitter": "^5.1.0"
      }
    },
    "cloudinary-vue": {
      "version": "1.0.0",
      "resolved": "https://registry.npmjs.org/cloudinary-vue/-/cloudinary-vue-1.0.0.tgz",
      "integrity": "sha512-L8kLrDwSpK4WIDVjtN0IQA00nxMWa2YRScjHWqNa+uRcAvz9hhDnOr/DVnA+4n+CgBlm/dtDkzJYCnpvFV/3kA==",
      "requires": {
        "cloudinary-core": "^2.6.3",
        "cloudinary-video-player": "^1.1.1",
        "vue": "^2.6.10"
      }
    },
    "commander": {
      "version": "2.20.3",
      "resolved": "https://registry.npmjs.org/commander/-/commander-2.20.3.tgz",
      "integrity": "sha512-GpVkmM8vF2vQUkj2LvZmD35JxeJOLCwJ9cUkugyk2nuhbv3+mJvpLYYt+0+USMxE+oj+ey/lJEnhZw75x/OMcQ=="
    },
    "core-js": {
      "version": "2.6.11",
      "resolved": "https://registry.npmjs.org/core-js/-/core-js-2.6.11.tgz",
      "integrity": "sha512-5wjnpaT/3dV+XB4borEsnAYQchn00XSgTAWKDkEqv+K8KevjbzmofK6hfJ9TZIlpj2N0xQpazy7PiRQiWHqzWg=="
    },
    "cryptiles": {
      "version": "4.1.3",
      "resolved": "https://registry.npmjs.org/cryptiles/-/cryptiles-4.1.3.tgz",
      "integrity": "sha512-gT9nyTMSUC1JnziQpPbxKGBbUg8VL7Zn2NB4E1cJYvuXdElHrwxrV9bmltZGDzet45zSDGyYceueke1TjynGzw==",
      "requires": {
        "boom": "7.x.x"
      }
    },
    "dom-walk": {
      "version": "0.1.1",
      "resolved": "https://registry.npmjs.org/dom-walk/-/dom-walk-0.1.1.tgz",
      "integrity": "sha1-ZyIm3HTI95mtNTB9+TaroRrNYBg="
    },
    "encoding": {
      "version": "0.1.12",
      "resolved": "https://registry.npmjs.org/encoding/-/encoding-0.1.12.tgz",
      "integrity": "sha1-U4tm8+5izRq1HsMjgp0flIDHS+s=",
      "requires": {
        "iconv-lite": "~0.4.13"
      }
    },
    "es5-shim": {
      "version": "4.5.13",
      "resolved": "https://registry.npmjs.org/es5-shim/-/es5-shim-4.5.13.tgz",
      "integrity": "sha512-xi6hh6gsvDE0MaW4Vp1lgNEBpVcCXRWfPXj5egDvtgLz4L9MEvNwYEMdJH+JJinWkwa8c3c3o5HduV7dB/e1Hw=="
    },
    "expose-loader": {
      "version": "0.7.5",
      "resolved": "https://registry.npmjs.org/expose-loader/-/expose-loader-0.7.5.tgz",
      "integrity": "sha512-iPowgKUZkTPX5PznYsmifVj9Bob0w2wTHVkt/eYNPSzyebkUgIedmskf/kcfEIWpiWjg3JRjnW+a17XypySMuw=="
    },
    "extend": {
      "version": "3.0.2",
      "resolved": "https://registry.npmjs.org/extend/-/extend-3.0.2.tgz",
      "integrity": "sha512-fjquC59cD7CyW6urNXK0FBufkZcoiGG80wTuPujX590cB5Ttln20E2UB4S/WARVqhXffZl2LNgS+gQdPIIim/g=="
    },
    "fetch-ponyfill": {
      "version": "4.1.0",
      "resolved": "https://registry.npmjs.org/fetch-ponyfill/-/fetch-ponyfill-4.1.0.tgz",
      "integrity": "sha1-rjzl9zLGReq4fkroeTQUcJsjmJM=",
      "requires": {
        "node-fetch": "~1.7.1"
      }
    },
    "get-size": {
      "version": "2.0.3",
      "resolved": "https://registry.npmjs.org/get-size/-/get-size-2.0.3.tgz",
      "integrity": "sha512-lXNzT/h/dTjTxRbm9BXb+SGxxzkm97h/PCIKtlN/CBCxxmkkIVV21udumMS93MuVTDX583gqc94v3RjuHmI+2Q=="
    },
    "global": {
      "version": "4.3.2",
      "resolved": "https://registry.npmjs.org/global/-/global-4.3.2.tgz",
      "integrity": "sha1-52mJJopsdMOJCLEwWxD8DjlOnQ8=",
      "requires": {
        "min-document": "^2.19.0",
        "process": "~0.5.1"
      }
    },
    "hoek": {
      "version": "6.1.3",
      "resolved": "https://registry.npmjs.org/hoek/-/hoek-6.1.3.tgz",
      "integrity": "sha512-YXXAAhmF9zpQbC7LEcREFtXfGq5K1fmd+4PHkBq8NUqmzW3G+Dq10bI/i0KucLRwss3YYFQ0fSfoxBZYiGUqtQ=="
    },
    "iconv-lite": {
      "version": "0.4.24",
      "resolved": "https://registry.npmjs.org/iconv-lite/-/iconv-lite-0.4.24.tgz",
      "integrity": "sha512-v3MXnZAcvnywkTUEZomIActle7RXXeedOR31wwl7VlyoXO4Qi9arvSenNQWne1TcRwhCL1HwLI21bEqdpj8/rA==",
      "requires": {
        "safer-buffer": ">= 2.1.2 < 3"
      }
    },
    "individual": {
      "version": "2.0.0",
      "resolved": "https://registry.npmjs.org/individual/-/individual-2.0.0.tgz",
      "integrity": "sha1-gzsJfa0jKU52EXqY+zjg2a1hu5c="
    },
    "is-function": {
      "version": "1.0.1",
      "resolved": "https://registry.npmjs.org/is-function/-/is-function-1.0.1.tgz",
      "integrity": "sha1-Es+5i2W1fdPRk6MSH19uL0N2ArU="
    },
    "is-stream": {
      "version": "1.1.0",
      "resolved": "https://registry.npmjs.org/is-stream/-/is-stream-1.1.0.tgz",
      "integrity": "sha1-EtSj3U5o4Lec6428hBc66A2RykQ="
    },
    "keycode": {
      "version": "2.2.0",
      "resolved": "https://registry.npmjs.org/keycode/-/keycode-2.2.0.tgz",
      "integrity": "sha1-PQr1bce4uOXLqNCpfxByBO7CKwQ="
    },
    "lodash": {
      "version": "4.17.15",
      "resolved": "https://registry.npmjs.org/lodash/-/lodash-4.17.15.tgz",
      "integrity": "sha512-8xOcRHvCjnocdS5cpwXQXVzmmh5e5+saE2QGoeQmbKmRS6J3VQppPOIt0MnmE+4xlZoumy0GPG0D0MVIQbNA1A=="
    },
    "lodash._reinterpolate": {
      "version": "3.0.0",
      "resolved": "https://registry.npmjs.org/lodash._reinterpolate/-/lodash._reinterpolate-3.0.0.tgz",
      "integrity": "sha1-DM8tiRZq8Ds2Y8eWU4t1rG4RTZ0="
    },
    "lodash.template": {
      "version": "4.5.0",
      "resolved": "https://registry.npmjs.org/lodash.template/-/lodash.template-4.5.0.tgz",
      "integrity": "sha512-84vYFxIkmidUiFxidA/KjjH9pAycqW+h980j7Fuz5qxRtO9pgB7MDFTdys1N7A5mcucRiDyEq4fusljItR1T/A==",
      "requires": {
        "lodash._reinterpolate": "^3.0.0",
        "lodash.templatesettings": "^4.0.0"
      }
    },
    "lodash.templatesettings": {
      "version": "4.2.0",
      "resolved": "https://registry.npmjs.org/lodash.templatesettings/-/lodash.templatesettings-4.2.0.tgz",
      "integrity": "sha512-stgLz+i3Aa9mZgnjr/O+v9ruKZsPsndy7qPZOchbqk2cnTU1ZaldKK+v7m54WoKIyxiuMZTKT2H81F8BeAc3ZQ==",
      "requires": {
        "lodash._reinterpolate": "^3.0.0"
      }
    },
    "m3u8-parser": {
      "version": "4.4.0",
      "resolved": "https://registry.npmjs.org/m3u8-parser/-/m3u8-parser-4.4.0.tgz",
      "integrity": "sha512-iH2AygTFILtato+XAgnoPYzLHM4R3DjATj7Ozbk7EHdB2XoLF2oyOUguM7Kc4UVHbQHHL/QPaw98r7PbWzG0gg==",
      "requires": {
        "global": "^4.3.2"
      }
    },
    "min-document": {
      "version": "2.19.0",
      "resolved": "https://registry.npmjs.org/min-document/-/min-document-2.19.0.tgz",
      "integrity": "sha1-e9KC4/WELtKVu3SM3Z8f+iyCRoU=",
      "requires": {
        "dom-walk": "^0.1.0"
      }
    },
    "mpd-parser": {
      "version": "0.8.1",
      "resolved": "https://registry.npmjs.org/mpd-parser/-/mpd-parser-0.8.1.tgz",
      "integrity": "sha512-WBTJ1bKk8OLUIxBh6s1ju1e2yz/5CzhPbgi6P3F3kJHKhGy1Z+ElvEnuzEbtC/dnbRcJtMXazE3f93N5LLdp9Q==",
      "requires": {
        "global": "^4.3.2",
        "url-toolkit": "^2.1.1"
      }
    },
    "mux.js": {
      "version": "5.2.1",
      "resolved": "https://registry.npmjs.org/mux.js/-/mux.js-5.2.1.tgz",
      "integrity": "sha512-1t2payD3Y8izfZRq7tfUQlhL2fKzjeLr9v1/2qNCTkEQnd9Abtn1JgzsBgGZubEXh6lM5L8B0iLGoWQiukjtbQ=="
    },
    "node-fetch": {
      "version": "1.7.3",
      "resolved": "https://registry.npmjs.org/node-fetch/-/node-fetch-1.7.3.tgz",
      "integrity": "sha512-NhZ4CsKx7cYm2vSrBAr2PvFOe6sWDf0UYLRqA6svUYg7+/TSfVAu49jYC4BvQ4Sms9SZgdqGBgroqfDhJdTyKQ==",
      "requires": {
        "encoding": "^0.1.11",
        "is-stream": "^1.0.1"
      }
    },
    "parse-headers": {
      "version": "2.0.3",
      "resolved": "https://registry.npmjs.org/parse-headers/-/parse-headers-2.0.3.tgz",
      "integrity": "sha512-QhhZ+DCCit2Coi2vmAKbq5RGTRcQUOE2+REgv8vdyu7MnYx2eZztegqtTx99TZ86GTIwqiy3+4nQTWZ2tgmdCA=="
    },
    "pkcs7": {
      "version": "1.0.2",
      "resolved": "https://registry.npmjs.org/pkcs7/-/pkcs7-1.0.2.tgz",
      "integrity": "sha1-ttulJ1KMKUK/wSLOLa/NteWQdOc="
    },
    "process": {
      "version": "0.5.2",
      "resolved": "https://registry.npmjs.org/process/-/process-0.5.2.tgz",
      "integrity": "sha1-FjjYqONML0QKkduVq5rrZ3/Bhc8="
    },
    "promise-polyfill": {
      "version": "6.1.0",
      "resolved": "https://registry.npmjs.org/promise-polyfill/-/promise-polyfill-6.1.0.tgz",
      "integrity": "sha1-36lpQ+qcEh/KTem1hoyznTRy4Fc="
    },
    "regenerator-runtime": {
      "version": "0.13.3",
      "resolved": "https://registry.npmjs.org/regenerator-runtime/-/regenerator-runtime-0.13.3.tgz",
      "integrity": "sha512-naKIZz2GQ8JWh///G7L3X6LaQUAMp2lvb1rvwwsURe/VXwD6VMfr+/1NuNw3ag8v2kY1aQ/go5SNn79O9JU7yw=="
    },
    "rust-result": {
      "version": "1.0.0",
      "resolved": "https://registry.npmjs.org/rust-result/-/rust-result-1.0.0.tgz",
      "integrity": "sha1-NMdbLm3Dn+WHXlveyFteD5FTb3I=",
      "requires": {
        "individual": "^2.0.0"
      }
    },
    "safe-json-parse": {
      "version": "4.0.0",
      "resolved": "https://registry.npmjs.org/safe-json-parse/-/safe-json-parse-4.0.0.tgz",
      "integrity": "sha1-fA9XjPzNEtM6ccDgVBPi7KFx6qw=",
      "requires": {
        "rust-result": "^1.0.0"
      }
    },
    "safer-buffer": {
      "version": "2.1.2",
      "resolved": "https://registry.npmjs.org/safer-buffer/-/safer-buffer-2.1.2.tgz",
      "integrity": "sha512-YZo3K82SD7Riyi0E1EQPojLz7kpepnSQI9IyPbHHg1XXXevb5dJI7tpyN2ADxGcQbHG7vcyRHk0cbwqcQriUtg=="
    },
    "tsml": {
      "version": "1.0.1",
      "resolved": "https://registry.npmjs.org/tsml/-/tsml-1.0.1.tgz",
      "integrity": "sha1-ifghi52eJX9H1/a1bQHFpNLGj8M="
    },
    "url-toolkit": {
      "version": "2.1.6",
      "resolved": "https://registry.npmjs.org/url-toolkit/-/url-toolkit-2.1.6.tgz",
      "integrity": "sha512-UaZ2+50am4HwrV2crR/JAf63Q4VvPYphe63WGeoJxeu8gmOm0qxPt+KsukfakPNrX9aymGNEkkaoICwn+OuvBw=="
    },
    "video.js": {
      "version": "7.6.6",
      "resolved": "https://registry.npmjs.org/video.js/-/video.js-7.6.6.tgz",
      "integrity": "sha512-AXzHwymhvMpS7c7rF29u0j0/3tSs+v2gIk5UY8OkiDHSEHL7T0+t3hid4JHW7aGvTruUUgwyf4C74cX2RDL1Pw==",
      "requires": {
        "@babel/runtime": "^7.4.5",
        "@videojs/http-streaming": "1.10.6",
        "global": "4.3.2",
        "keycode": "^2.2.0",
        "safe-json-parse": "4.0.0",
        "videojs-font": "3.2.0",
        "videojs-vtt.js": "^0.14.1",
        "xhr": "2.4.0"
      }
    },
    "videojs-contextmenu": {
      "version": "1.2.2",
      "resolved": "https://registry.npmjs.org/videojs-contextmenu/-/videojs-contextmenu-1.2.2.tgz",
      "integrity": "sha1-nVbAwjMiA11IBDKSTKiBrkKlxxI=",
      "requires": {
        "video.js": "^5.10.1"
      },
      "dependencies": {
        "global": {
          "version": "4.3.0",
          "resolved": "https://registry.npmjs.org/global/-/global-4.3.0.tgz",
          "integrity": "sha1-737EvurVebRU9evV5/MD21T0Kis=",
          "requires": {
            "min-document": "^2.6.1",
            "process": "~0.5.1"
          }
        },
        "video.js": {
          "version": "5.20.5",
          "resolved": "https://registry.npmjs.org/video.js/-/video.js-5.20.5.tgz",
          "integrity": "sha1-RFza4gS85Fl4LYajGyWjKv1tjv8=",
          "requires": {
            "babel-runtime": "^6.9.2",
            "global": "4.3.0",
            "safe-json-parse": "4.0.0",
            "tsml": "1.0.1",
            "videojs-font": "2.0.0",
            "videojs-ie8": "1.1.2",
            "videojs-swf": "5.4.1",
            "videojs-vtt.js": "0.12.6",
            "xhr": "2.2.2"
          }
        },
        "videojs-font": {
          "version": "2.0.0",
          "resolved": "https://registry.npmjs.org/videojs-font/-/videojs-font-2.0.0.tgz",
          "integrity": "sha1-r3Rh751LleAzS/+3iy8v8DZKkDQ="
        },
        "videojs-vtt.js": {
          "version": "0.12.6",
          "resolved": "https://registry.npmjs.org/videojs-vtt.js/-/videojs-vtt.js-0.12.6.tgz",
          "integrity": "sha512-XFXeGBQiljnElMhwCcZst0RDbZn2n8LU7ZScXryd3a00OaZsHAjdZu/7/RdSr7Z1jHphd45FnOvOQkGK4YrWCQ==",
          "requires": {
            "global": "^4.3.1"
          },
          "dependencies": {
            "global": {
              "version": "4.4.0",
              "resolved": "https://registry.npmjs.org/global/-/global-4.4.0.tgz",
              "integrity": "sha512-wv/LAoHdRE3BeTGz53FAamhGlPLhlssK45usmGFThIi4XqnBmjKQ16u+RNbP7WvigRZDxUsM0J3gcQ5yicaL0w==",
              "requires": {
                "min-document": "^2.19.0",
                "process": "^0.11.10"
              }
            },
            "process": {
              "version": "0.11.10",
              "resolved": "https://registry.npmjs.org/process/-/process-0.11.10.tgz",
              "integrity": "sha1-czIwDoQBYb2j5podHZGn1LwW8YI="
            }
          }
        },
        "xhr": {
          "version": "2.2.2",
          "resolved": "https://registry.npmjs.org/xhr/-/xhr-2.2.2.tgz",
          "integrity": "sha1-LuclcYafhobUFVmp6ihsGJcUNf8=",
          "requires": {
            "global": "~4.3.0",
            "is-function": "^1.0.1",
            "parse-headers": "^2.0.0",
            "xtend": "^4.0.0"
          }
        }
      }
    },
    "videojs-contrib-ads": {
      "version": "6.6.5",
      "resolved": "https://registry.npmjs.org/videojs-contrib-ads/-/videojs-contrib-ads-6.6.5.tgz",
      "integrity": "sha512-ONKzojNIxDwaNgUW0/uJuMWmcpENyg8LQP4zwyWe5ca8ImR30Bs7PCy3T9K5EqTX5kq29YlfMppV1u+CayV6HQ==",
      "requires": {
        "global": "^4.3.2",
        "video.js": "^6 || ^7"
      }
    },
    "videojs-font": {
      "version": "3.2.0",
      "resolved": "https://registry.npmjs.org/videojs-font/-/videojs-font-3.2.0.tgz",
      "integrity": "sha512-g8vHMKK2/JGorSfqAZQUmYYNnXmfec4MLhwtEFS+mMs2IDY398GLysy6BH6K+aS1KMNu/xWZ8Sue/X/mdQPliA=="
    },
    "videojs-ie8": {
      "version": "1.1.2",
      "resolved": "https://registry.npmjs.org/videojs-ie8/-/videojs-ie8-1.1.2.tgz",
      "integrity": "sha1-oj09hgitcZK2nGB3/E64SJmNNdk=",
      "requires": {
        "es5-shim": "^4.5.1"
      }
    },
    "videojs-ima": {
      "version": "1.7.4",
      "resolved": "https://registry.npmjs.org/videojs-ima/-/videojs-ima-1.7.4.tgz",
      "integrity": "sha512-2EhQFVCjaRHFdBauP6VgS7M08PPxPyKl9qnr1UpxlmysT6u/x8rVTQPvMxGdXeiprOU17Be2YCeZoIImTEDjGQ==",
      "requires": {
        "can-autoplay": "^3.0.0",
        "cryptiles": "^4.1.2",
        "extend": ">=3.0.2",
        "lodash": ">=4.17.13",
        "lodash.template": ">=4.5.0",
        "video.js": "^5.19.2 || ^6 || ^7",
        "videojs-contrib-ads": "^6"
      }
    },
    "videojs-per-source-behaviors": {
      "version": "2.1.0",
      "resolved": "https://registry.npmjs.org/videojs-per-source-behaviors/-/videojs-per-source-behaviors-2.1.0.tgz",
      "integrity": "sha512-oJRjO3QhFlyPiobjvh1FaoWr3eL3iJAY3HTqSBwSRS07GmvaCe8wAzH22+wBFNDgw9NIXZ3Cqj2trld6+bFhIQ==",
      "requires": {
        "global": "^4.3.2",
        "video.js": "^6 || ^7"
      }
    },
    "videojs-swf": {
      "version": "5.4.1",
      "resolved": "https://registry.npmjs.org/videojs-swf/-/videojs-swf-5.4.1.tgz",
      "integrity": "sha1-IHfvccdJ8seCPvSbq65N0qywj4c="
    },
    "videojs-vtt.js": {
      "version": "0.14.1",
      "resolved": "https://registry.npmjs.org/videojs-vtt.js/-/videojs-vtt.js-0.14.1.tgz",
      "integrity": "sha512-YxOiywx6N9t3J5nqsE5WN2Sw4CSqVe3zV+AZm2T4syOc2buNJaD6ZoexSdeszx2sHLU/RRo2r4BJAXFDQ7Qo2Q==",
      "requires": {
        "global": "^4.3.1"
      }
    },
    "vue": {
      "version": "2.6.11",
      "resolved": "https://registry.npmjs.org/vue/-/vue-2.6.11.tgz",
      "integrity": "sha512-VfPwgcGABbGAue9+sfrD4PuwFar7gPb1yl1UK1MwXoQPAw0BKSqWfoYCT/ThFrdEVWoI51dBuyCoiNU9bZDZxQ=="
    },
    "webfontloader": {
      "version": "1.6.28",
      "resolved": "https://registry.npmjs.org/webfontloader/-/webfontloader-1.6.28.tgz",
      "integrity": "sha1-23hhKSU8tujq5UwvsF+HCvZnW64="
    },
    "wolfy87-eventemitter": {
      "version": "5.2.9",
      "resolved": "https://registry.npmjs.org/wolfy87-eventemitter/-/wolfy87-eventemitter-5.2.9.tgz",
      "integrity": "sha512-P+6vtWyuDw+MB01X7UeF8TaHBvbCovf4HPEMF/SV7BdDc1SMTiBy13SRD71lQh4ExFTG1d/WNzDGDCyOKSMblw=="
    },
    "xhr": {
      "version": "2.4.0",
      "resolved": "https://registry.npmjs.org/xhr/-/xhr-2.4.0.tgz",
      "integrity": "sha1-4W5mpF+GmGHu76tBbV7/ci3ECZM=",
      "requires": {
        "global": "~4.3.0",
        "is-function": "^1.0.1",
        "parse-headers": "^2.0.0",
        "xtend": "^4.0.0"
      }
    },
    "xtend": {
      "version": "4.0.2",
      "resolved": "https://registry.npmjs.org/xtend/-/xtend-4.0.2.tgz",
      "integrity": "sha512-LKYU1iAXJXUgAXn9URjiu+MWhyUXHsvfp7mcuYm9dSUKK0/CjtrUwFAxD82/mCWbtLsGjFIad0wIsod4zrTAEQ=="
    }
  }
}
